
Microsoft Visual Studio Solution File, Format Version 12.00
# Visual Studio 15
VisualStudioVersion = 15.0.27428.2002
MinimumVisualStudioVersion = 10.0.40219.1
Project("{FAE04EC0-301F-11D3-BF4B-00C04F79EFBC}") = "AnAusAutomat.Core", "AnAusAutomat.Core\AnAusAutomat.Core.csproj", "{635BEE61-2E2B-4362-B80E-6F96F3635FCE}"
EndProject
Project("{FAE04EC0-301F-11D3-BF4B-00C04F79EFBC}") = "AnAusAutomat.Contracts", "AnAusAutomat.Contracts\AnAusAutomat.Contracts.csproj", "{7AFB88F5-83CC-4B32-87D6-2B45F26570BD}"
EndProject
Project("{2150E333-8FDC-42A3-9474-1A3956D46DE8}") = "AnAusAutomat.Sensors", "AnAusAutomat.Sensors", "{7B2DA60C-C912-4997-B90A-7BFD8E9C2C74}"
EndProject
Project("{2150E333-8FDC-42A3-9474-1A3956D46DE8}") = "AnAusAutomat.Controllers", "AnAusAutomat.Controllers", "{799E796C-1AB6-4829-B3A0-33D6F307FE0B}"
EndProject
Project("{FAE04EC0-301F-11D3-BF4B-00C04F79EFBC}") = "AnAusAutomat.Toolbox", "AnAusAutomat.Toolbox\AnAusAutomat.Toolbox.csproj", "{6ACA9411-7251-48D4-B764-87FB96D0EF15}"
EndProject
Project("{FAE04EC0-301F-11D3-BF4B-00C04F79EFBC}") = "AnAusAutomat.Controllers.Arduino", "AnAusAutomat.Controllers.Arduino\AnAusAutomat.Controllers.Arduino.csproj", "{09052A5A-6F22-4372-B894-B6F9E29A8514}"
EndProject
Project("{FAE04EC0-301F-11D3-BF4B-00C04F79EFBC}") = "AnAusAutomat.Controllers.Probe", "AnAusAutomat.Controllers.Probe\AnAusAutomat.Controllers.Probe.csproj", "{15A6988F-7E7A-48DA-A6E6-CB061C20464B}"
EndProject
Project("{FAE04EC0-301F-11D3-BF4B-00C04F79EFBC}") = "AnAusAutomat.Sensors.TimeSwitch", "AnAusAutomat.Sensors.TimeSwitch\AnAusAutomat.Sensors.TimeSwitch.csproj", "{49EBFA52-6A97-4997-AE8A-E163BF00B727}"
EndProject
Project("{FAE04EC0-301F-11D3-BF4B-00C04F79EFBC}") = "AnAusAutomat.Sensors.SoundDetector", "AnAusAutomat.Sensors.SoundDetector\AnAusAutomat.Sensors.SoundDetector.csproj", "{53DD49C7-DE34-4289-A8D3-5533C2369723}"
EndProject
Project("{FAE04EC0-301F-11D3-BF4B-00C04F79EFBC}") = "AnAusAutomat.Sensors.GUI", "AnAusAutomat.Sensors.GUI\AnAusAutomat.Sensors.GUI.csproj", "{A34959ED-EAB3-4046-8D25-B7B502D28A4A}"
EndProject
Project("{FAE04EC0-301F-11D3-BF4B-00C04F79EFBC}") = "AnAusAutomat.Controllers.Proprietary", "AnAusAutomat.Controllers.Proprietary\AnAusAutomat.Controllers.Proprietary.csproj", "{784B3D9E-6E49-41EF-BDD2-3557B58DE162}"
EndProject
Project("{FAE04EC0-301F-11D3-BF4B-00C04F79EFBC}") = "AnAusAutomat.Controllers.Arduino.Tests", "AnAusAutomat.Controllers.Arduino.Tests\AnAusAutomat.Controllers.Arduino.Tests.csproj", "{0B94BB3E-CF81-418B-9BBB-34C5C74F52F5}"
EndProject
Project("{2150E333-8FDC-42A3-9474-1A3956D46DE8}") = "AnAusAutomat.Controllers.Tests", "AnAusAutomat.Controllers.Tests", "{17CA8184-7B21-4EE5-AB9B-7216022368F0}"
EndProject
Project("{FAE04EC0-301F-11D3-BF4B-00C04F79EFBC}") = "AnAusAutomat.Controllers.Probe.Tests", "AnAusAutomat.Controllers.Probe.Tests\AnAusAutomat.Controllers.Probe.Tests.csproj", "{00F69A17-D5D0-449B-8F80-D8FCD2F1528B}"
EndProject
Project("{2150E333-8FDC-42A3-9474-1A3956D46DE8}") = "AnAusAutomat.Tests", "AnAusAutomat.Tests", "{62E7B8B6-C7B2-414D-93CB-6A606A5B245A}"
EndProject
Project("{FAE04EC0-301F-11D3-BF4B-00C04F79EFBC}") = "AnAusAutomat.Toolbox.Tests", "AnAusAutomat.Toolbox.Tests\AnAusAutomat.Toolbox.Tests.csproj", "{E08E2967-7130-4E49-B514-59B0BCA41FD6}"
EndProject
Project("{FAE04EC0-301F-11D3-BF4B-00C04F79EFBC}") = "AnAusAutomat.Core.Tests", "AnAusAutomat.Core.Tests\AnAusAutomat.Core.Tests.csproj", "{B5B12B16-20AD-47CC-958B-23A97083FF5F}"
EndProject
Project("{FAE04EC0-301F-11D3-BF4B-00C04F79EFBC}") = "AnAusAutomat.Console", "AnAusAutomat.Console\AnAusAutomat.Console.csproj", "{AA9A7241-0DC1-4A6B-A7F1-63DA64241D26}"
EndProject
Project("{FAE04EC0-301F-11D3-BF4B-00C04F79EFBC}") = "AnAusAutomat.Sensors.Keylogger", "AnAusAutomat.Sensors.Keylogger\AnAusAutomat.Sensors.Keylogger.csproj", "{DC9BF9B1-DE1F-4580-A526-46CFF1279338}"
EndProject
Global
	GlobalSection(SolutionConfigurationPlatforms) = preSolution
		Debug|Any CPU = Debug|Any CPU
		Release|Any CPU = Release|Any CPU
	EndGlobalSection
	GlobalSection(ProjectConfigurationPlatforms) = postSolution
		{635BEE61-2E2B-4362-B80E-6F96F3635FCE}.Debug|Any CPU.ActiveCfg = Debug|Any CPU
		{635BEE61-2E2B-4362-B80E-6F96F3635FCE}.Debug|Any CPU.Build.0 = Debug|Any CPU
		{635BEE61-2E2B-4362-B80E-6F96F3635FCE}.Release|Any CPU.ActiveCfg = Release|Any CPU
		{635BEE61-2E2B-4362-B80E-6F96F3635FCE}.Release|Any CPU.Build.0 = Release|Any CPU
		{7AFB88F5-83CC-4B32-87D6-2B45F26570BD}.Debug|Any CPU.ActiveCfg = Debug|Any CPU
		{7AFB88F5-83CC-4B32-87D6-2B45F26570BD}.Debug|Any CPU.Build.0 = Debug|Any CPU
		{7AFB88F5-83CC-4B32-87D6-2B45F26570BD}.Release|Any CPU.ActiveCfg = Release|Any CPU
		{7AFB88F5-83CC-4B32-87D6-2B45F26570BD}.Release|Any CPU.Build.0 = Release|Any CPU
		{6ACA9411-7251-48D4-B764-87FB96D0EF15}.Debug|Any CPU.ActiveCfg = Debug|Any CPU
		{6ACA9411-7251-48D4-B764-87FB96D0EF15}.Debug|Any CPU.Build.0 = Debug|Any CPU
		{6ACA9411-7251-48D4-B764-87FB96D0EF15}.Release|Any CPU.ActiveCfg = Release|Any CPU
		{6ACA9411-7251-48D4-B764-87FB96D0EF15}.Release|Any CPU.Build.0 = Release|Any CPU
		{09052A5A-6F22-4372-B894-B6F9E29A8514}.Debug|Any CPU.ActiveCfg = Debug|Any CPU
		{09052A5A-6F22-4372-B894-B6F9E29A8514}.Debug|Any CPU.Build.0 = Debug|Any CPU
		{09052A5A-6F22-4372-B894-B6F9E29A8514}.Release|Any CPU.ActiveCfg = Release|Any CPU
		{09052A5A-6F22-4372-B894-B6F9E29A8514}.Release|Any CPU.Build.0 = Release|Any CPU
		{15A6988F-7E7A-48DA-A6E6-CB061C20464B}.Debug|Any CPU.ActiveCfg = Debug|Any CPU
		{15A6988F-7E7A-48DA-A6E6-CB061C20464B}.Debug|Any CPU.Build.0 = Debug|Any CPU
		{15A6988F-7E7A-48DA-A6E6-CB061C20464B}.Release|Any CPU.ActiveCfg = Release|Any CPU
		{15A6988F-7E7A-48DA-A6E6-CB061C20464B}.Release|Any CPU.Build.0 = Release|Any CPU
		{49EBFA52-6A97-4997-AE8A-E163BF00B727}.Debug|Any CPU.ActiveCfg = Debug|Any CPU
		{49EBFA52-6A97-4997-AE8A-E163BF00B727}.Debug|Any CPU.Build.0 = Debug|Any CPU
		{49EBFA52-6A97-4997-AE8A-E163BF00B727}.Release|Any CPU.ActiveCfg = Release|Any CPU
		{49EBFA52-6A97-4997-AE8A-E163BF00B727}.Release|Any CPU.Build.0 = Release|Any CPU
		{53DD49C7-DE34-4289-A8D3-5533C2369723}.Debug|Any CPU.ActiveCfg = Debug|Any CPU
		{53DD49C7-DE34-4289-A8D3-5533C2369723}.Debug|Any CPU.Build.0 = Debug|Any CPU
		{53DD49C7-DE34-4289-A8D3-5533C2369723}.Release|Any CPU.ActiveCfg = Release|Any CPU
		{53DD49C7-DE34-4289-A8D3-5533C2369723}.Release|Any CPU.Build.0 = Release|Any CPU
		{A34959ED-EAB3-4046-8D25-B7B502D28A4A}.Debug|Any CPU.ActiveCfg = Debug|Any CPU
		{A34959ED-EAB3-4046-8D25-B7B502D28A4A}.Debug|Any CPU.Build.0 = Debug|Any CPU
		{A34959ED-EAB3-4046-8D25-B7B502D28A4A}.Release|Any CPU.ActiveCfg = Release|Any CPU
		{A34959ED-EAB3-4046-8D25-B7B502D28A4A}.Release|Any CPU.Build.0 = Release|Any CPU
		{784B3D9E-6E49-41EF-BDD2-3557B58DE162}.Debug|Any CPU.ActiveCfg = Debug|Any CPU
		{784B3D9E-6E49-41EF-BDD2-3557B58DE162}.Debug|Any CPU.Build.0 = Debug|Any CPU
		{784B3D9E-6E49-41EF-BDD2-3557B58DE162}.Release|Any CPU.ActiveCfg = Release|Any CPU
		{784B3D9E-6E49-41EF-BDD2-3557B58DE162}.Release|Any CPU.Build.0 = Release|Any CPU
		{0B94BB3E-CF81-418B-9BBB-34C5C74F52F5}.Debug|Any CPU.ActiveCfg = Debug|Any CPU
		{0B94BB3E-CF81-418B-9BBB-34C5C74F52F5}.Debug|Any CPU.Build.0 = Debug|Any CPU
		{0B94BB3E-CF81-418B-9BBB-34C5C74F52F5}.Release|Any CPU.ActiveCfg = Release|Any CPU
		{0B94BB3E-CF81-418B-9BBB-34C5C74F52F5}.Release|Any CPU.Build.0 = Release|Any CPU
		{00F69A17-D5D0-449B-8F80-D8FCD2F1528B}.Debug|Any CPU.ActiveCfg = Debug|Any CPU
		{00F69A17-D5D0-449B-8F80-D8FCD2F1528B}.Debug|Any CPU.Build.0 = Debug|Any CPU
		{00F69A17-D5D0-449B-8F80-D8FCD2F1528B}.Release|Any CPU.ActiveCfg = Release|Any CPU
		{00F69A17-D5D0-449B-8F80-D8FCD2F1528B}.Release|Any CPU.Build.0 = Release|Any CPU
		{E08E2967-7130-4E49-B514-59B0BCA41FD6}.Debug|Any CPU.ActiveCfg = Debug|Any CPU
		{E08E2967-7130-4E49-B514-59B0BCA41FD6}.Debug|Any CPU.Build.0 = Debug|Any CPU
		{E08E2967-7130-4E49-B514-59B0BCA41FD6}.Release|Any CPU.ActiveCfg = Release|Any CPU
		{E08E2967-7130-4E49-B514-59B0BCA41FD6}.Release|Any CPU.Build.0 = Release|Any CPU
		{B5B12B16-20AD-47CC-958B-23A97083FF5F}.Debug|Any CPU.ActiveCfg = Debug|Any CPU
		{B5B12B16-20AD-47CC-958B-23A97083FF5F}.Debug|Any CPU.Build.0 = Debug|Any CPU
		{B5B12B16-20AD-47CC-958B-23A97083FF5F}.Release|Any CPU.ActiveCfg = Release|Any CPU
		{B5B12B16-20AD-47CC-958B-23A97083FF5F}.Release|Any CPU.Build.0 = Release|Any CPU
		{AA9A7241-0DC1-4A6B-A7F1-63DA64241D26}.Debug|Any CPU.ActiveCfg = Debug|Any CPU
		{AA9A7241-0DC1-4A6B-A7F1-63DA64241D26}.Debug|Any CPU.Build.0 = Debug|Any CPU
		{AA9A7241-0DC1-4A6B-A7F1-63DA64241D26}.Release|Any CPU.ActiveCfg = Release|Any CPU
		{AA9A7241-0DC1-4A6B-A7F1-63DA64241D26}.Release|Any CPU.Build.0 = Release|Any CPU
		{DC9BF9B1-DE1F-4580-A526-46CFF1279338}.Debug|Any CPU.ActiveCfg = Debug|Any CPU
		{DC9BF9B1-DE1F-4580-A526-46CFF1279338}.Debug|Any CPU.Build.0 = Debug|Any CPU
		{DC9BF9B1-DE1F-4580-A526-46CFF1279338}.Release|Any CPU.ActiveCfg = Release|Any CPU
		{DC9BF9B1-DE1F-4580-A526-46CFF1279338}.Release|Any CPU.Build.0 = Release|Any CPU
	EndGlobalSection
	GlobalSection(SolutionProperties) = preSolution
		HideSolutionNode = FALSE
	EndGlobalSection
	GlobalSection(NestedProjects) = preSolution
		{09052A5A-6F22-4372-B894-B6F9E29A8514} = {799E796C-1AB6-4829-B3A0-33D6F307FE0B}
		{15A6988F-7E7A-48DA-A6E6-CB061C20464B} = {799E796C-1AB6-4829-B3A0-33D6F307FE0B}
		{49EBFA52-6A97-4997-AE8A-E163BF00B727} = {7B2DA60C-C912-4997-B90A-7BFD8E9C2C74}
		{53DD49C7-DE34-4289-A8D3-5533C2369723} = {7B2DA60C-C912-4997-B90A-7BFD8E9C2C74}
		{A34959ED-EAB3-4046-8D25-B7B502D28A4A} = {7B2DA60C-C912-4997-B90A-7BFD8E9C2C74}
		{784B3D9E-6E49-41EF-BDD2-3557B58DE162} = {799E796C-1AB6-4829-B3A0-33D6F307FE0B}
		{0B94BB3E-CF81-418B-9BBB-34C5C74F52F5} = {17CA8184-7B21-4EE5-AB9B-7216022368F0}
		{00F69A17-D5D0-449B-8F80-D8FCD2F1528B} = {17CA8184-7B21-4EE5-AB9B-7216022368F0}
		{E08E2967-7130-4E49-B514-59B0BCA41FD6} = {62E7B8B6-C7B2-414D-93CB-6A606A5B245A}
		{B5B12B16-20AD-47CC-958B-23A97083FF5F} = {62E7B8B6-C7B2-414D-93CB-6A606A5B245A}
		{DC9BF9B1-DE1F-4580-A526-46CFF1279338} = {7B2DA60C-C912-4997-B90A-7BFD8E9C2C74}
	EndGlobalSection
	GlobalSection(ExtensibilityGlobals) = postSolution
		SolutionGuid = {98FB91DA-8377-4531-B65D-986E71B016AA}
	EndGlobalSection
EndGlobal
